// !$*UTF8*$!
{
	archiveVersion = 1;
	classes = {
	};
	objectVersion = 55;
	objects = {

/* Begin PBXBuildFile section */
		CECF8138289FC3B300CE5A07 /* AppDelegate.swift in Sources */ = {isa = PBXBuildFile; fileRef = CECF8137289FC3B300CE5A07 /* AppDelegate.swift */; };
		CECF813A289FC3B300CE5A07 /* SceneDelegate.swift in Sources */ = {isa = PBXBuildFile; fileRef = CECF8139289FC3B300CE5A07 /* SceneDelegate.swift */; };
		CECF8141289FC3B600CE5A07 /* Assets.xcassets in Resources */ = {isa = PBXBuildFile; fileRef = CECF8140289FC3B600CE5A07 /* Assets.xcassets */; };
		CECF8155289FC8D000CE5A07 /* LoginViewController.swift in Sources */ = {isa = PBXBuildFile; fileRef = CECF8154289FC8D000CE5A07 /* LoginViewController.swift */; };
		CECF8158289FCCAB00CE5A07 /* LoginView.xib in Resources */ = {isa = PBXBuildFile; fileRef = CECF8156289FC90300CE5A07 /* LoginView.xib */; };
		CECF815C289FD30D00CE5A07 /* LaunchScreen.xib in Resources */ = {isa = PBXBuildFile; fileRef = CECF815B289FD30D00CE5A07 /* LaunchScreen.xib */; };
/* End PBXBuildFile section */

/* Begin PBXFileReference section */
		CECF8134289FC3B300CE5A07 /* BreakingBadFan.app */ = {isa = PBXFileReference; explicitFileType = wrapper.application; includeInIndex = 0; path = BreakingBadFan.app; sourceTree = BUILT_PRODUCTS_DIR; };
		CECF8137289FC3B300CE5A07 /* AppDelegate.swift */ = {isa = PBXFileReference; lastKnownFileType = sourcecode.swift; path = AppDelegate.swift; sourceTree = "<group>"; };
		CECF8139289FC3B300CE5A07 /* SceneDelegate.swift */ = {isa = PBXFileReference; lastKnownFileType = sourcecode.swift; path = SceneDelegate.swift; sourceTree = "<group>"; };
		CECF8140289FC3B600CE5A07 /* Assets.xcassets */ = {isa = PBXFileReference; lastKnownFileType = folder.assetcatalog; path = Assets.xcassets; sourceTree = "<group>"; };
		CECF8145289FC3B600CE5A07 /* Info.plist */ = {isa = PBXFileReference; lastKnownFileType = text.plist.xml; path = Info.plist; sourceTree = "<group>"; };
		CECF8154289FC8D000CE5A07 /* LoginViewController.swift */ = {isa = PBXFileReference; lastKnownFileType = sourcecode.swift; path = LoginViewController.swift; sourceTree = "<group>"; };
		CECF8156289FC90300CE5A07 /* LoginView.xib */ = {isa = PBXFileReference; lastKnownFileType = file.xib; path = LoginView.xib; sourceTree = "<group>"; };
		CECF815B289FD30D00CE5A07 /* LaunchScreen.xib */ = {isa = PBXFileReference; lastKnownFileType = file.xib; path = LaunchScreen.xib; sourceTree = "<group>"; };
/* End PBXFileReference section */

/* Begin PBXFrameworksBuildPhase section */
		CECF8131289FC3B300CE5A07 /* Frameworks */ = {
			isa = PBXFrameworksBuildPhase;
			buildActionMask = 2147483647;
			files = (
			);
			runOnlyForDeploymentPostprocessing = 0;
		};
/* End PBXFrameworksBuildPhase section */

/* Begin PBXGroup section */
		CECF812B289FC3B300CE5A07 = {
			isa = PBXGroup;
			children = (
				CECF8136289FC3B300CE5A07 /* BreakingBadFan */,
				CECF8135289FC3B300CE5A07 /* Products */,
			);
			sourceTree = "<group>";
		};
		CECF8135289FC3B300CE5A07 /* Products */ = {
			isa = PBXGroup;
			children = (
				CECF8134289FC3B300CE5A07 /* BreakingBadFan.app */,
			);
			name = Products;
			sourceTree = "<group>";
		};
		CECF8136289FC3B300CE5A07 /* BreakingBadFan */ = {
			isa = PBXGroup;
			children = (
				CECF814D289FC5D300CE5A07 /* API */,
				CECF814C289FC5CD00CE5A07 /* Model */,
				CECF814B289FC5C300CE5A07 /* Scenes */,
				CECF8140289FC3B600CE5A07 /* Assets.xcassets */,
				CECF8145289FC3B600CE5A07 /* Info.plist */,
			);
			path = BreakingBadFan;
			sourceTree = "<group>";
		};
		CECF814B289FC5C300CE5A07 /* Scenes */ = {
			isa = PBXGroup;
			children = (
				CECF8159289FCDD500CE5A07 /* Main */,
				CECF8153289FC8BE00CE5A07 /* Login */,
			);
			path = Scenes;
			sourceTree = "<group>";
		};
		CECF814C289FC5CD00CE5A07 /* Model */ = {
			isa = PBXGroup;
			children = (
			);
			path = Model;
			sourceTree = "<group>";
		};
		CECF814D289FC5D300CE5A07 /* API */ = {
			isa = PBXGroup;
			children = (
			);
			path = API;
			sourceTree = "<group>";
		};
		CECF8153289FC8BE00CE5A07 /* Login */ = {
			isa = PBXGroup;
			children = (
				CECF8154289FC8D000CE5A07 /* LoginViewController.swift */,
				CECF8156289FC90300CE5A07 /* LoginView.xib */,
			);
			path = Login;
			sourceTree = "<group>";
		};
		CECF8159289FCDD500CE5A07 /* Main */ = {
			isa = PBXGroup;
			children = (
				CECF815B289FD30D00CE5A07 /* LaunchScreen.xib */,
				CECF8137289FC3B300CE5A07 /* AppDelegate.swift */,
				CECF8139289FC3B300CE5A07 /* SceneDelegate.swift */,
			);
			path = Main;
			sourceTree = "<group>";
		};
/* End PBXGroup section */

/* Begin PBXNativeTarget section */
		CECF8133289FC3B300CE5A07 /* BreakingBadFan */ = {
			isa = PBXNativeTarget;
			buildConfigurationList = CECF8148289FC3B600CE5A07 /* Build configuration list for PBXNativeTarget "BreakingBadFan" */;
			buildPhases = (
				CECF8130289FC3B300CE5A07 /* Sources */,
				CECF8131289FC3B300CE5A07 /* Frameworks */,
				CECF8132289FC3B300CE5A07 /* Resources */,
			);
			buildRules = (
			);
			dependencies = (
			);
			name = BreakingBadFan;
			productName = BreakingBadFan;
			productReference = CECF8134289FC3B300CE5A07 /* BreakingBadFan.app */;
			productType = "com.apple.product-type.application";
		};
/* End PBXNativeTarget section */

/* Begin PBXProject section */
		CECF812C289FC3B300CE5A07 /* Project object */ = {
			isa = PBXProject;
			attributes = {
				BuildIndependentTargetsInParallel = 1;
				LastSwiftUpdateCheck = 1340;
				LastUpgradeCheck = 1340;
				TargetAttributes = {
					CECF8133289FC3B300CE5A07 = {
						CreatedOnToolsVersion = 13.4.1;
					};
				};
			};
			buildConfigurationList = CECF812F289FC3B300CE5A07 /* Build configuration list for PBXProject "BreakingBadFan" */;
			compatibilityVersion = "Xcode 13.0";
			developmentRegion = en;
			hasScannedForEncodings = 0;
			knownRegions = (
				en,
				Base,
			);
			mainGroup = CECF812B289FC3B300CE5A07;
			productRefGroup = CECF8135289FC3B300CE5A07 /* Products */;
			projectDirPath = "";
			projectRoot = "";
			targets = (
				CECF8133289FC3B300CE5A07 /* BreakingBadFan */,
			);
		};
/* End PBXProject section */

/* Begin PBXResourcesBuildPhase section */
		CECF8132289FC3B300CE5A07 /* Resources */ = {
			isa = PBXResourcesBuildPhase;
			buildActionMask = 2147483647;
			files = (
				CECF815C289FD30D00CE5A07 /* LaunchScreen.xib in Resources */,
				CECF8141289FC3B600CE5A07 /* Assets.xcassets in Resources */,
				CECF8158289FCCAB00CE5A07 /* LoginView.xib in Resources */,
			);
			runOnlyForDeploymentPostprocessing = 0;
		};
/* End PBXResourcesBuildPhase section */

/* Begin PBXSourcesBuildPhase section */
		CECF8130289FC3B300CE5A07 /* Sources */ = {
			isa = PBXSourcesBuildPhase;
			buildActionMask = 2147483647;
			files = (
				CECF8155289FC8D000CE5A07 /* LoginViewController.swift in Sources */,
				CECF8138289FC3B300CE5A07 /* AppDelegate.swift in Sources */,
				CECF813A289FC3B300CE5A07 /* SceneDelegate.swift in Sources */,
			);
			runOnlyForDeploymentPostprocessing = 0;
		};
/* End PBXSourcesBuildPhase section */

/* Begin XCBuildConfiguration section */
		CECF8146289FC3B600CE5A07 /* Debug */ = {
			isa = XCBuildConfiguration;
			buildSettings = {
				ALWAYS_SEARCH_USER_PATHS = NO;
				CLANG_ANALYZER_NONNULL = YES;
				CLANG_ANALYZER_NUMBER_OBJECT_CONVERSION = YES_AGGRESSIVE;
				CLANG_CXX_LANGUAGE_STANDARD = "gnu++17";
				CLANG_ENABLE_MODULES = YES;
				CLANG_ENABLE_OBJC_ARC = YES;
				CLANG_ENABLE_OBJC_WEAK = YES;
				CLANG_WARN_BLOCK_CAPTURE_AUTORELEASING = YES;
				CLANG_WARN_BOOL_CONVERSION = YES;
				CLANG_WARN_COMMA = YES;
				CLANG_WARN_CONSTANT_CONVERSION = YES;
				CLANG_WARN_DEPRECATED_OBJC_IMPLEMENTATIONS = YES;
				CLANG_WARN_DIRECT_OBJC_ISA_USAGE = YES_ERROR;
				CLANG_WARN_DOCUMENTATION_COMMENTS = YES;
				CLANG_WARN_EMPTY_BODY = YES;
				CLANG_WARN_ENUM_CONVERSION = YES;
				CLANG_WARN_INFINITE_RECURSION = YES;
				CLANG_WARN_INT_CONVERSION = YES;
				CLANG_WARN_NON_LITERAL_NULL_CONVERSION = YES;
				CLANG_WARN_OBJC_IMPLICIT_RETAIN_SELF = YES;
				CLANG_WARN_OBJC_LITERAL_CONVERSION = YES;
				CLANG_WARN_OBJC_ROOT_CLASS = YES_ERROR;
				CLANG_WARN_QUOTED_INCLUDE_IN_FRAMEWORK_HEADER = YES;
				CLANG_WARN_RANGE_LOOP_ANALYSIS = YES;
				CLANG_WARN_STRICT_PROTOTYPES = YES;
				CLANG_WARN_SUSPICIOUS_MOVE = YES;
				CLANG_WARN_UNGUARDED_AVAILABILITY = YES_AGGRESSIVE;
				CLANG_WARN_UNREACHABLE_CODE = YES;
				CLANG_WARN__DUPLICATE_METHOD_MATCH = YES;
				COPY_PHASE_STRIP = NO;
				DEBUG_INFORMATION_FORMAT = dwarf;
				ENABLE_STRICT_OBJC_MSGSEND = YES;
				ENABLE_TESTABILITY = YES;
				GCC_C_LANGUAGE_STANDARD = gnu11;
				GCC_DYNAMIC_NO_PIC = NO;
				GCC_NO_COMMON_BLOCKS = YES;
				GCC_OPTIMIZATION_LEVEL = 0;
				GCC_PREPROCESSOR_DEFINITIONS = (
					"DEBUG=1",
					"$(inherited)",
				);
				GCC_WARN_64_TO_32_BIT_CONVERSION = YES;
				GCC_WARN_ABOUT_RETURN_TYPE = YES_ERROR;
				GCC_WARN_UNDECLARED_SELECTOR = YES;
				GCC_WARN_UNINITIALIZED_AUTOS = YES_AGGRESSIVE;
				GCC_WARN_UNUSED_FUNCTION = YES;
				GCC_WARN_UNUSED_VARIABLE = YES;
				IPHONEOS_DEPLOYMENT_TARGET = 15.5;
				MTL_ENABLE_DEBUG_INFO = INCLUDE_SOURCE;
				MTL_FAST_MATH = YES;
				ONLY_ACTIVE_ARCH = YES;
				SDKROOT = iphoneos;
				SWIFT_ACTIVE_COMPILATION_CONDITIONS = DEBUG;
				SWIFT_OPTIMIZATION_LEVEL = "-Onone";
			};
			name = Debug;
		};
		CECF8147289FC3B600CE5A07 /* Release */ = {
			isa = XCBuildConfiguration;
			buildSettings = {
				ALWAYS_SEARCH_USER_PATHS = NO;
				CLANG_ANALYZER_NONNULL = YES;
				CLANG_ANALYZER_NUMBER_OBJECT_CONVERSION = YES_AGGRESSIVE;
				CLANG_CXX_LANGUAGE_STANDARD = "gnu++17";
				CLANG_ENABLE_MODULES = YES;
				CLANG_ENABLE_OBJC_ARC = YES;
				CLANG_ENABLE_OBJC_WEAK = YES;
				CLANG_WARN_BLOCK_CAPTURE_AUTORELEASING = YES;
				CLANG_WARN_BOOL_CONVERSION = YES;
				CLANG_WARN_COMMA = YES;
				CLANG_WARN_CONSTANT_CONVERSION = YES;
				CLANG_WARN_DEPRECATED_OBJC_IMPLEMENTATIONS = YES;
				CLANG_WARN_DIRECT_OBJC_ISA_USAGE = YES_ERROR;
				CLANG_WARN_DOCUMENTATION_COMMENTS = YES;
				CLANG_WARN_EMPTY_BODY = YES;
				CLANG_WARN_ENUM_CONVERSION = YES;
				CLANG_WARN_INFINITE_RECURSION = YES;
				CLANG_WARN_INT_CONVERSION = YES;
				CLANG_WARN_NON_LITERAL_NULL_CONVERSION = YES;
				CLANG_WARN_OBJC_IMPLICIT_RETAIN_SELF = YES;
				CLANG_WARN_OBJC_LITERAL_CONVERSION = YES;
				CLANG_WARN_OBJC_ROOT_CLASS = YES_ERROR;
				CLANG_WARN_QUOTED_INCLUDE_IN_FRAMEWORK_HEADER = YES;
				CLANG_WARN_RANGE_LOOP_ANALYSIS = YES;
				CLANG_WARN_STRICT_PROTOTYPES = YES;
				CLANG_WARN_SUSPICIOUS_MOVE = YES;
				CLANG_WARN_UNGUARDED_AVAILABILITY = YES_AGGRESSIVE;
				CLANG_WARN_UNREACHABLE_CODE = YES;
				CLANG_WARN__DUPLICATE_METHOD_MATCH = YES;
				COPY_PHASE_STRIP = NO;
				DEBUG_INFORMATION_FORMAT = "dwarf-with-dsym";
				ENABLE_NS_ASSERTIONS = NO;
				ENABLE_STRICT_OBJC_MSGSEND = YES;
				GCC_C_LANGUAGE_STANDARD = gnu11;
				GCC_NO_COMMON_BLOCKS = YES;
				GCC_WARN_64_TO_32_BIT_CONVERSION = YES;
				GCC_WARN_ABOUT_RETURN_TYPE = YES_ERROR;
				GCC_WARN_UNDECLARED_SELECTOR = YES;
				GCC_WARN_UNINITIALIZED_AUTOS = YES_AGGRESSIVE;
				GCC_WARN_UNUSED_FUNCTION = YES;
				GCC_WARN_UNUSED_VARIABLE = YES;
				IPHONEOS_DEPLOYMENT_TARGET = 15.5;
				MTL_ENABLE_DEBUG_INFO = NO;
				MTL_FAST_MATH = YES;
				SDKROOT = iphoneos;
				SWIFT_COMPILATION_MODE = wholemodule;
				SWIFT_OPTIMIZATION_LEVEL = "-O";
				VALIDATE_PRODUCT = YES;
			};
			name = Release;
		};
		CECF8149289FC3B600CE5A07 /* Debug */ = {
			isa = XCBuildConfiguration;
			buildSettings = {
				ASSETCATALOG_COMPILER_APPICON_NAME = AppIcon;
				ASSETCATALOG_COMPILER_GLOBAL_ACCENT_COLOR_NAME = AccentColor;
				CODE_SIGN_STYLE = Automatic;
				CURRENT_PROJECT_VERSION = 1;
				DEVELOPMENT_TEAM = 4543GKL842;
				GENERATE_INFOPLIST_FILE = YES;
				INFOPLIST_FILE = BreakingBadFan/Info.plist;
				INFOPLIST_KEY_NSMainNibFile = LoginView;
				INFOPLIST_KEY_UIApplicationSupportsIndirectInputEvents = YES;
				INFOPLIST_KEY_UILaunchStoryboardName = LaunchScreen;
				INFOPLIST_KEY_UISupportedInterfaceOrientations_iPad = "UIInterfaceOrientationPortrait UIInterfaceOrientationPortraitUpsideDown UIInterfaceOrientationLandscapeLeft UIInterfaceOrientationLandscapeRight";
				INFOPLIST_KEY_UISupportedInterfaceOrientations_iPhone = "UIInterfaceOrientationPortrait UIInterfaceOrientationLandscapeLeft UIInterfaceOrientationLandscapeRight";
				LD_RUNPATH_SEARCH_PATHS = (
					"$(inherited)",
					"@executable_path/Frameworks",
				);
				MARKETING_VERSION = 1.0;
				PRODUCT_BUNDLE_IDENTIFIER = jme.BreakingBadFan;
				PRODUCT_NAME = "$(TARGET_NAME)";
				SWIFT_EMIT_LOC_STRINGS = YES;
				SWIFT_VERSION = 5.0;
				TARGETED_DEVICE_FAMILY = 1;
			};
			name = Debug;
		};
		CECF814A289FC3B600CE5A07 /* Release */ = {
			isa = XCBuildConfiguration;
			buildSettings = {
				ASSETCATALOG_COMPILER_APPICON_NAME = AppIcon;
				ASSETCATALOG_COMPILER_GLOBAL_ACCENT_COLOR_NAME = AccentColor;
				CODE_SIGN_STYLE = Automatic;
				CURRENT_PROJECT_VERSION = 1;
				DEVELOPMENT_TEAM = 4543GKL842;
				GENERATE_INFOPLIST_FILE = YES;
				INFOPLIST_FILE = BreakingBadFan/Info.plist;
				INFOPLIST_KEY_NSMainNibFile = LoginView;
				INFOPLIST_KEY_UIApplicationSupportsIndirectInputEvents = YES;
				INFOPLIST_KEY_UILaunchStoryboardName = LaunchScreen;
				INFOPLIST_KEY_UISupportedInterfaceOrientations_iPad = "UIInterfaceOrientationPortrait UIInterfaceOrientationPortraitUpsideDown UIInterfaceOrientationLandscapeLeft UIInterfaceOrientationLandscapeRight";
				INFOPLIST_KEY_UISupportedInterfaceOrientations_iPhone = "UIInterfaceOrientationPortrait UIInterfaceOrientationLandscapeLeft UIInterfaceOrientationLandscapeRight";
				LD_RUNPATH_SEARCH_PATHS = (
					"$(inherited)",
					"@executable_path/Frameworks",
				);
				MARKETING_VERSION = 1.0;
				PRODUCT_BUNDLE_IDENTIFIER = jme.BreakingBadFan;
				PRODUCT_NAME = "$(TARGET_NAME)";
				SWIFT_EMIT_LOC_STRINGS = YES;
				SWIFT_VERSION = 5.0;
				TARGETED_DEVICE_FAMILY = 1;
			};
			name = Release;
		};
/* End XCBuildConfiguration section */

/* Begin XCConfigurationList section */
		CECF812F289FC3B300CE5A07 /* Build configuration list for PBXProject "BreakingBadFan" */ = {
			isa = XCConfigurationList;
			buildConfigurations = (
				CECF8146289FC3B600CE5A07 /* Debug */,
				CECF8147289FC3B600CE5A07 /* Release */,
			);
			defaultConfigurationIsVisible = 0;
			defaultConfigurationName = Release;
		};
		CECF8148289FC3B600CE5A07 /* Build configuration list for PBXNativeTarget "BreakingBadFan" */ = {
			isa = XCConfigurationList;
			buildConfigurations = (
				CECF8149289FC3B600CE5A07 /* Debug */,
				CECF814A289FC3B600CE5A07 /* Release */,
			);
			defaultConfigurationIsVisible = 0;
			defaultConfigurationName = Release;
		};
/* End XCConfigurationList section */
	};
	rootObject = CECF812C289FC3B300CE5A07 /* Project object */;
}
