// !$*UTF8*$!
{
	archiveVersion = 1;
	classes = {
	};
	objectVersion = 55;
	objects = {

/* Begin PBXBuildFile section */
		CEA579DC28A17B81009E5B1D /* KeychainSwift in Frameworks */ = {isa = PBXBuildFile; productRef = CEA579DB28A17B81009E5B1D /* KeychainSwift */; };
		CECF8138289FC3B300CE5A07 /* AppDelegate.swift in Sources */ = {isa = PBXBuildFile; fileRef = CECF8137289FC3B300CE5A07 /* AppDelegate.swift */; };
		CECF813A289FC3B300CE5A07 /* SceneDelegate.swift in Sources */ = {isa = PBXBuildFile; fileRef = CECF8139289FC3B300CE5A07 /* SceneDelegate.swift */; };
		CECF8141289FC3B600CE5A07 /* Assets.xcassets in Resources */ = {isa = PBXBuildFile; fileRef = CECF8140289FC3B600CE5A07 /* Assets.xcassets */; };
		CECF8155289FC8D000CE5A07 /* LoginViewController.swift in Sources */ = {isa = PBXBuildFile; fileRef = CECF8154289FC8D000CE5A07 /* LoginViewController.swift */; };
		CECF8158289FCCAB00CE5A07 /* LoginView.xib in Resources */ = {isa = PBXBuildFile; fileRef = CECF8156289FC90300CE5A07 /* LoginView.xib */; };
		CECF815C289FD30D00CE5A07 /* LaunchScreen.xib in Resources */ = {isa = PBXBuildFile; fileRef = CECF815B289FD30D00CE5A07 /* LaunchScreen.xib */; };
		CECF815E289FDC8D00CE5A07 /* LoginUI.swift in Sources */ = {isa = PBXBuildFile; fileRef = CECF815D289FDC8D00CE5A07 /* LoginUI.swift */; };
		CECF816B28A1605A00CE5A07 /* KeychainHelper.swift in Sources */ = {isa = PBXBuildFile; fileRef = CECF816A28A1605A00CE5A07 /* KeychainHelper.swift */; };
		CECF817128A1645000CE5A07 /* Profile.swift in Sources */ = {isa = PBXBuildFile; fileRef = CECF817028A1645000CE5A07 /* Profile.swift */; };
		CECF817428A1718F00CE5A07 /* ProfileManager.swift in Sources */ = {isa = PBXBuildFile; fileRef = CECF817328A1718F00CE5A07 /* ProfileManager.swift */; };
		CEF568A428A4084C001D63B3 /* UserDefaultsHelper.swift in Sources */ = {isa = PBXBuildFile; fileRef = CEF568A328A4084C001D63B3 /* UserDefaultsHelper.swift */; };
		CEF568A628AA4FDE001D63B3 /* UsersDatabase.swift in Sources */ = {isa = PBXBuildFile; fileRef = CEF568A528AA4FDE001D63B3 /* UsersDatabase.swift */; };
		CEF568B028AA679C001D63B3 /* AlertView.swift in Sources */ = {isa = PBXBuildFile; fileRef = CEF568AF28AA679C001D63B3 /* AlertView.swift */; };
		CEF568B328AA7FAA001D63B3 /* HomeViewController.swift in Sources */ = {isa = PBXBuildFile; fileRef = CEF568B228AA7FAA001D63B3 /* HomeViewController.swift */; };
		CEF568B528AA7FDA001D63B3 /* HomeView.xib in Resources */ = {isa = PBXBuildFile; fileRef = CEF568B428AA7FDA001D63B3 /* HomeView.xib */; };
		CEF568B828AB1F8D001D63B3 /* Quote.swift in Sources */ = {isa = PBXBuildFile; fileRef = CEF568B728AB1F8D001D63B3 /* Quote.swift */; };
		CEF568BB28AB219B001D63B3 /* CharacterViewController.swift in Sources */ = {isa = PBXBuildFile; fileRef = CEF568BA28AB219B001D63B3 /* CharacterViewController.swift */; };
		CEF568BD28AB21D6001D63B3 /* CharacterView.xib in Resources */ = {isa = PBXBuildFile; fileRef = CEF568BC28AB21D6001D63B3 /* CharacterView.xib */; };
		CEF568BF28AB236D001D63B3 /* CharacterDetailsCell.xib in Resources */ = {isa = PBXBuildFile; fileRef = CEF568BE28AB236D001D63B3 /* CharacterDetailsCell.xib */; };
		CEF568C228AB269F001D63B3 /* EpisodeDetailsViewController.swift in Sources */ = {isa = PBXBuildFile; fileRef = CEF568C128AB269F001D63B3 /* EpisodeDetailsViewController.swift */; };
		CEF568C428AB26F1001D63B3 /* EpisodeView.xib in Resources */ = {isa = PBXBuildFile; fileRef = CEF568C328AB26F1001D63B3 /* EpisodeView.xib */; };
		CEF568C928AB2882001D63B3 /* EpisodeModalView.xib in Resources */ = {isa = PBXBuildFile; fileRef = CEF568C828AB2882001D63B3 /* EpisodeModalView.xib */; };
		CEF568CB28AB2D75001D63B3 /* EpisodeListViewController.swift in Sources */ = {isa = PBXBuildFile; fileRef = CEF568CA28AB2D75001D63B3 /* EpisodeListViewController.swift */; };
		CEF568CD28AB2DA4001D63B3 /* EpisodeListView.xib in Resources */ = {isa = PBXBuildFile; fileRef = CEF568CC28AB2DA4001D63B3 /* EpisodeListView.xib */; };
/* End PBXBuildFile section */

/* Begin PBXFileReference section */
		CECF8134289FC3B300CE5A07 /* BreakingBadFan.app */ = {isa = PBXFileReference; explicitFileType = wrapper.application; includeInIndex = 0; path = BreakingBadFan.app; sourceTree = BUILT_PRODUCTS_DIR; };
		CECF8137289FC3B300CE5A07 /* AppDelegate.swift */ = {isa = PBXFileReference; lastKnownFileType = sourcecode.swift; path = AppDelegate.swift; sourceTree = "<group>"; };
		CECF8139289FC3B300CE5A07 /* SceneDelegate.swift */ = {isa = PBXFileReference; lastKnownFileType = sourcecode.swift; path = SceneDelegate.swift; sourceTree = "<group>"; };
		CECF8140289FC3B600CE5A07 /* Assets.xcassets */ = {isa = PBXFileReference; lastKnownFileType = folder.assetcatalog; path = Assets.xcassets; sourceTree = "<group>"; };
		CECF8145289FC3B600CE5A07 /* Info.plist */ = {isa = PBXFileReference; lastKnownFileType = text.plist.xml; path = Info.plist; sourceTree = "<group>"; };
		CECF8154289FC8D000CE5A07 /* LoginViewController.swift */ = {isa = PBXFileReference; lastKnownFileType = sourcecode.swift; path = LoginViewController.swift; sourceTree = "<group>"; };
		CECF8156289FC90300CE5A07 /* LoginView.xib */ = {isa = PBXFileReference; lastKnownFileType = file.xib; path = LoginView.xib; sourceTree = "<group>"; };
		CECF815B289FD30D00CE5A07 /* LaunchScreen.xib */ = {isa = PBXFileReference; lastKnownFileType = file.xib; path = LaunchScreen.xib; sourceTree = "<group>"; };
		CECF815D289FDC8D00CE5A07 /* LoginUI.swift */ = {isa = PBXFileReference; lastKnownFileType = sourcecode.swift; path = LoginUI.swift; sourceTree = "<group>"; };
		CECF816A28A1605A00CE5A07 /* KeychainHelper.swift */ = {isa = PBXFileReference; lastKnownFileType = sourcecode.swift; path = KeychainHelper.swift; sourceTree = "<group>"; };
		CECF817028A1645000CE5A07 /* Profile.swift */ = {isa = PBXFileReference; lastKnownFileType = sourcecode.swift; path = Profile.swift; sourceTree = "<group>"; };
		CECF817328A1718F00CE5A07 /* ProfileManager.swift */ = {isa = PBXFileReference; lastKnownFileType = sourcecode.swift; path = ProfileManager.swift; sourceTree = "<group>"; };
		CEF568A328A4084C001D63B3 /* UserDefaultsHelper.swift */ = {isa = PBXFileReference; lastKnownFileType = sourcecode.swift; path = UserDefaultsHelper.swift; sourceTree = "<group>"; };
		CEF568A528AA4FDE001D63B3 /* UsersDatabase.swift */ = {isa = PBXFileReference; lastKnownFileType = sourcecode.swift; path = UsersDatabase.swift; sourceTree = "<group>"; };
		CEF568AF28AA679C001D63B3 /* AlertView.swift */ = {isa = PBXFileReference; lastKnownFileType = sourcecode.swift; path = AlertView.swift; sourceTree = "<group>"; };
		CEF568B228AA7FAA001D63B3 /* HomeViewController.swift */ = {isa = PBXFileReference; lastKnownFileType = sourcecode.swift; path = HomeViewController.swift; sourceTree = "<group>"; };
		CEF568B428AA7FDA001D63B3 /* HomeView.xib */ = {isa = PBXFileReference; lastKnownFileType = file.xib; path = HomeView.xib; sourceTree = "<group>"; };
		CEF568B728AB1F8D001D63B3 /* Quote.swift */ = {isa = PBXFileReference; lastKnownFileType = sourcecode.swift; path = Quote.swift; sourceTree = "<group>"; };
		CEF568BA28AB219B001D63B3 /* CharacterViewController.swift */ = {isa = PBXFileReference; lastKnownFileType = sourcecode.swift; path = CharacterViewController.swift; sourceTree = "<group>"; };
		CEF568BC28AB21D6001D63B3 /* CharacterView.xib */ = {isa = PBXFileReference; lastKnownFileType = file.xib; path = CharacterView.xib; sourceTree = "<group>"; };
		CEF568BE28AB236D001D63B3 /* CharacterDetailsCell.xib */ = {isa = PBXFileReference; lastKnownFileType = file.xib; path = CharacterDetailsCell.xib; sourceTree = "<group>"; };
		CEF568C128AB269F001D63B3 /* EpisodeDetailsViewController.swift */ = {isa = PBXFileReference; lastKnownFileType = sourcecode.swift; path = EpisodeDetailsViewController.swift; sourceTree = "<group>"; };
		CEF568C328AB26F1001D63B3 /* EpisodeView.xib */ = {isa = PBXFileReference; lastKnownFileType = file.xib; path = EpisodeView.xib; sourceTree = "<group>"; };
		CEF568C828AB2882001D63B3 /* EpisodeModalView.xib */ = {isa = PBXFileReference; lastKnownFileType = file.xib; path = EpisodeModalView.xib; sourceTree = "<group>"; };
		CEF568CA28AB2D75001D63B3 /* EpisodeListViewController.swift */ = {isa = PBXFileReference; lastKnownFileType = sourcecode.swift; path = EpisodeListViewController.swift; sourceTree = "<group>"; };
		CEF568CC28AB2DA4001D63B3 /* EpisodeListView.xib */ = {isa = PBXFileReference; lastKnownFileType = file.xib; path = EpisodeListView.xib; sourceTree = "<group>"; };
/* End PBXFileReference section */

/* Begin PBXFrameworksBuildPhase section */
		CECF8131289FC3B300CE5A07 /* Frameworks */ = {
			isa = PBXFrameworksBuildPhase;
			buildActionMask = 2147483647;
			files = (
				CEA579DC28A17B81009E5B1D /* KeychainSwift in Frameworks */,
			);
			runOnlyForDeploymentPostprocessing = 0;
		};
/* End PBXFrameworksBuildPhase section */

/* Begin PBXGroup section */
		CECF812B289FC3B300CE5A07 = {
			isa = PBXGroup;
			children = (
				CECF8136289FC3B300CE5A07 /* BreakingBadFan */,
				CECF8135289FC3B300CE5A07 /* Products */,
			);
			sourceTree = "<group>";
		};
		CECF8135289FC3B300CE5A07 /* Products */ = {
			isa = PBXGroup;
			children = (
				CECF8134289FC3B300CE5A07 /* BreakingBadFan.app */,
			);
			name = Products;
			sourceTree = "<group>";
		};
		CECF8136289FC3B300CE5A07 /* BreakingBadFan */ = {
			isa = PBXGroup;
			children = (
				CEF568B628AB1C07001D63B3 /* Error */,
				CEF568A228A2B226001D63B3 /* Alert */,
				CECF817228A1717600CE5A07 /* Managers */,
				CECF816928A1603500CE5A07 /* Helpers */,
				CECF816428A057C800CE5A07 /* Utilities */,
				CECF814D289FC5D300CE5A07 /* API */,
				CECF814C289FC5CD00CE5A07 /* Model */,
				CECF814B289FC5C300CE5A07 /* Scenes */,
				CECF8140289FC3B600CE5A07 /* Assets.xcassets */,
				CECF8145289FC3B600CE5A07 /* Info.plist */,
			);
			path = BreakingBadFan;
			sourceTree = "<group>";
		};
		CECF814B289FC5C300CE5A07 /* Scenes */ = {
			isa = PBXGroup;
			children = (
				CEF568C728AB284D001D63B3 /* New Group */,
				CEF568C028AB2677001D63B3 /* Episode */,
				CEF568B928AB2176001D63B3 /* Character */,
				CEF568B128AA7F56001D63B3 /* Home */,
				CECF8159289FCDD500CE5A07 /* Main */,
				CECF8153289FC8BE00CE5A07 /* Login */,
			);
			path = Scenes;
			sourceTree = "<group>";
		};
		CECF814C289FC5CD00CE5A07 /* Model */ = {
			isa = PBXGroup;
			children = (
				CECF817028A1645000CE5A07 /* Profile.swift */,
				CEF568B728AB1F8D001D63B3 /* Quote.swift */,
			);
			path = Model;
			sourceTree = "<group>";
		};
		CECF814D289FC5D300CE5A07 /* API */ = {
			isa = PBXGroup;
			children = (
			);
			path = API;
			sourceTree = "<group>";
		};
		CECF8153289FC8BE00CE5A07 /* Login */ = {
			isa = PBXGroup;
			children = (
				CECF8154289FC8D000CE5A07 /* LoginViewController.swift */,
				CECF8156289FC90300CE5A07 /* LoginView.xib */,
				CECF815D289FDC8D00CE5A07 /* LoginUI.swift */,
				CEF568A528AA4FDE001D63B3 /* UsersDatabase.swift */,
			);
			path = Login;
			sourceTree = "<group>";
		};
		CECF8159289FCDD500CE5A07 /* Main */ = {
			isa = PBXGroup;
			children = (
				CECF815B289FD30D00CE5A07 /* LaunchScreen.xib */,
				CECF8137289FC3B300CE5A07 /* AppDelegate.swift */,
				CECF8139289FC3B300CE5A07 /* SceneDelegate.swift */,
			);
			path = Main;
			sourceTree = "<group>";
		};
		CECF816428A057C800CE5A07 /* Utilities */ = {
			isa = PBXGroup;
			children = (
			);
			path = Utilities;
			sourceTree = "<group>";
		};
		CECF816928A1603500CE5A07 /* Helpers */ = {
			isa = PBXGroup;
			children = (
				CECF816A28A1605A00CE5A07 /* KeychainHelper.swift */,
				CEF568A328A4084C001D63B3 /* UserDefaultsHelper.swift */,
			);
			path = Helpers;
			sourceTree = "<group>";
		};
		CECF817228A1717600CE5A07 /* Managers */ = {
			isa = PBXGroup;
			children = (
				CECF817328A1718F00CE5A07 /* ProfileManager.swift */,
			);
			path = Managers;
			sourceTree = "<group>";
		};
		CEF568A228A2B226001D63B3 /* Alert */ = {
			isa = PBXGroup;
			children = (
				CEF568AF28AA679C001D63B3 /* AlertView.swift */,
			);
			path = Alert;
			sourceTree = "<group>";
		};
		CEF568B128AA7F56001D63B3 /* Home */ = {
			isa = PBXGroup;
			children = (
				CEF568B228AA7FAA001D63B3 /* HomeViewController.swift */,
				CEF568B428AA7FDA001D63B3 /* HomeView.xib */,
			);
			path = Home;
			sourceTree = "<group>";
		};
		CEF568B628AB1C07001D63B3 /* Error */ = {
			isa = PBXGroup;
			children = (
			);
			path = Error;
			sourceTree = "<group>";
		};
		CEF568B928AB2176001D63B3 /* Character */ = {
			isa = PBXGroup;
			children = (
				CEF568BA28AB219B001D63B3 /* CharacterViewController.swift */,
				CEF568BC28AB21D6001D63B3 /* CharacterView.xib */,
				CEF568BE28AB236D001D63B3 /* CharacterDetailsCell.xib */,
			);
			path = Character;
			sourceTree = "<group>";
		};
		CEF568C028AB2677001D63B3 /* Episode */ = {
			isa = PBXGroup;
			children = (
				CEF568CF28AB2DF6001D63B3 /* Details */,
				CEF568CE28AB2DE0001D63B3 /* List */,
			);
			path = Episode;
			sourceTree = "<group>";
		};
		CEF568C728AB284D001D63B3 /* New Group */ = {
			isa = PBXGroup;
			children = (
			);
			path = "New Group";
			sourceTree = "<group>";
		};
		CEF568CE28AB2DE0001D63B3 /* List */ = {
			isa = PBXGroup;
			children = (
				CEF568CA28AB2D75001D63B3 /* EpisodeListViewController.swift */,
				CEF568CC28AB2DA4001D63B3 /* EpisodeListView.xib */,
			);
			path = List;
			sourceTree = "<group>";
		};
		CEF568CF28AB2DF6001D63B3 /* Details */ = {
			isa = PBXGroup;
			children = (
				CEF568C128AB269F001D63B3 /* EpisodeDetailsViewController.swift */,
				CEF568C328AB26F1001D63B3 /* EpisodeView.xib */,
				CEF568C828AB2882001D63B3 /* EpisodeModalView.xib */,
			);
			path = Details;
			sourceTree = "<group>";
		};
/* End PBXGroup section */

/* Begin PBXNativeTarget section */
		CECF8133289FC3B300CE5A07 /* BreakingBadFan */ = {
			isa = PBXNativeTarget;
			buildConfigurationList = CECF8148289FC3B600CE5A07 /* Build configuration list for PBXNativeTarget "BreakingBadFan" */;
			buildPhases = (
				CECF8130289FC3B300CE5A07 /* Sources */,
				CECF8131289FC3B300CE5A07 /* Frameworks */,
				CECF8132289FC3B300CE5A07 /* Resources */,
			);
			buildRules = (
			);
			dependencies = (
			);
			name = BreakingBadFan;
			packageProductDependencies = (
				CEA579DB28A17B81009E5B1D /* KeychainSwift */,
			);
			productName = BreakingBadFan;
			productReference = CECF8134289FC3B300CE5A07 /* BreakingBadFan.app */;
			productType = "com.apple.product-type.application";
		};
/* End PBXNativeTarget section */

/* Begin PBXProject section */
		CECF812C289FC3B300CE5A07 /* Project object */ = {
			isa = PBXProject;
			attributes = {
				BuildIndependentTargetsInParallel = 1;
				LastSwiftUpdateCheck = 1340;
				LastUpgradeCheck = 1340;
				TargetAttributes = {
					CECF8133289FC3B300CE5A07 = {
						CreatedOnToolsVersion = 13.4.1;
					};
				};
			};
			buildConfigurationList = CECF812F289FC3B300CE5A07 /* Build configuration list for PBXProject "BreakingBadFan" */;
			compatibilityVersion = "Xcode 13.0";
			developmentRegion = en;
			hasScannedForEncodings = 0;
			knownRegions = (
				en,
				Base,
			);
			mainGroup = CECF812B289FC3B300CE5A07;
			packageReferences = (
				CEA579DA28A17B81009E5B1D /* XCRemoteSwiftPackageReference "keychain-swift" */,
			);
			productRefGroup = CECF8135289FC3B300CE5A07 /* Products */;
			projectDirPath = "";
			projectRoot = "";
			targets = (
				CECF8133289FC3B300CE5A07 /* BreakingBadFan */,
			);
		};
/* End PBXProject section */

/* Begin PBXResourcesBuildPhase section */
		CECF8132289FC3B300CE5A07 /* Resources */ = {
			isa = PBXResourcesBuildPhase;
			buildActionMask = 2147483647;
			files = (
				CECF815C289FD30D00CE5A07 /* LaunchScreen.xib in Resources */,
				CEF568BD28AB21D6001D63B3 /* CharacterView.xib in Resources */,
				CEF568B528AA7FDA001D63B3 /* HomeView.xib in Resources */,
				CECF8141289FC3B600CE5A07 /* Assets.xcassets in Resources */,
				CEF568BF28AB236D001D63B3 /* CharacterDetailsCell.xib in Resources */,
				CEF568CD28AB2DA4001D63B3 /* EpisodeListView.xib in Resources */,
				CEF568C428AB26F1001D63B3 /* EpisodeView.xib in Resources */,
				CEF568C928AB2882001D63B3 /* EpisodeModalView.xib in Resources */,
				CECF8158289FCCAB00CE5A07 /* LoginView.xib in Resources */,
			);
			runOnlyForDeploymentPostprocessing = 0;
		};
/* End PBXResourcesBuildPhase section */

/* Begin PBXSourcesBuildPhase section */
		CECF8130289FC3B300CE5A07 /* Sources */ = {
			isa = PBXSourcesBuildPhase;
			buildActionMask = 2147483647;
			files = (
				CEF568A428A4084C001D63B3 /* UserDefaultsHelper.swift in Sources */,
				CECF8155289FC8D000CE5A07 /* LoginViewController.swift in Sources */,
				CECF8138289FC3B300CE5A07 /* AppDelegate.swift in Sources */,
				CEF568BB28AB219B001D63B3 /* CharacterViewController.swift in Sources */,
				CEF568B328AA7FAA001D63B3 /* HomeViewController.swift in Sources */,
				CEF568B828AB1F8D001D63B3 /* Quote.swift in Sources */,
				CECF816B28A1605A00CE5A07 /* KeychainHelper.swift in Sources */,
				CECF817428A1718F00CE5A07 /* ProfileManager.swift in Sources */,
				CECF817128A1645000CE5A07 /* Profile.swift in Sources */,
				CEF568B028AA679C001D63B3 /* AlertView.swift in Sources */,
				CECF813A289FC3B300CE5A07 /* SceneDelegate.swift in Sources */,
				CEF568C228AB269F001D63B3 /* EpisodeDetailsViewController.swift in Sources */,
				CEF568CB28AB2D75001D63B3 /* EpisodeListViewController.swift in Sources */,
				CECF815E289FDC8D00CE5A07 /* LoginUI.swift in Sources */,
				CEF568A628AA4FDE001D63B3 /* UsersDatabase.swift in Sources */,
			);
			runOnlyForDeploymentPostprocessing = 0;
		};
/* End PBXSourcesBuildPhase section */

/* Begin XCBuildConfiguration section */
		CECF8146289FC3B600CE5A07 /* Debug */ = {
			isa = XCBuildConfiguration;
			buildSettings = {
				ALWAYS_SEARCH_USER_PATHS = NO;
				CLANG_ANALYZER_NONNULL = YES;
				CLANG_ANALYZER_NUMBER_OBJECT_CONVERSION = YES_AGGRESSIVE;
				CLANG_CXX_LANGUAGE_STANDARD = "gnu++17";
				CLANG_ENABLE_MODULES = YES;
				CLANG_ENABLE_OBJC_ARC = YES;
				CLANG_ENABLE_OBJC_WEAK = YES;
				CLANG_WARN_BLOCK_CAPTURE_AUTORELEASING = YES;
				CLANG_WARN_BOOL_CONVERSION = YES;
				CLANG_WARN_COMMA = YES;
				CLANG_WARN_CONSTANT_CONVERSION = YES;
				CLANG_WARN_DEPRECATED_OBJC_IMPLEMENTATIONS = YES;
				CLANG_WARN_DIRECT_OBJC_ISA_USAGE = YES_ERROR;
				CLANG_WARN_DOCUMENTATION_COMMENTS = YES;
				CLANG_WARN_EMPTY_BODY = YES;
				CLANG_WARN_ENUM_CONVERSION = YES;
				CLANG_WARN_INFINITE_RECURSION = YES;
				CLANG_WARN_INT_CONVERSION = YES;
				CLANG_WARN_NON_LITERAL_NULL_CONVERSION = YES;
				CLANG_WARN_OBJC_IMPLICIT_RETAIN_SELF = YES;
				CLANG_WARN_OBJC_LITERAL_CONVERSION = YES;
				CLANG_WARN_OBJC_ROOT_CLASS = YES_ERROR;
				CLANG_WARN_QUOTED_INCLUDE_IN_FRAMEWORK_HEADER = YES;
				CLANG_WARN_RANGE_LOOP_ANALYSIS = YES;
				CLANG_WARN_STRICT_PROTOTYPES = YES;
				CLANG_WARN_SUSPICIOUS_MOVE = YES;
				CLANG_WARN_UNGUARDED_AVAILABILITY = YES_AGGRESSIVE;
				CLANG_WARN_UNREACHABLE_CODE = YES;
				CLANG_WARN__DUPLICATE_METHOD_MATCH = YES;
				COPY_PHASE_STRIP = NO;
				DEBUG_INFORMATION_FORMAT = dwarf;
				ENABLE_STRICT_OBJC_MSGSEND = YES;
				ENABLE_TESTABILITY = YES;
				GCC_C_LANGUAGE_STANDARD = gnu11;
				GCC_DYNAMIC_NO_PIC = NO;
				GCC_NO_COMMON_BLOCKS = YES;
				GCC_OPTIMIZATION_LEVEL = 0;
				GCC_PREPROCESSOR_DEFINITIONS = (
					"DEBUG=1",
					"$(inherited)",
				);
				GCC_WARN_64_TO_32_BIT_CONVERSION = YES;
				GCC_WARN_ABOUT_RETURN_TYPE = YES_ERROR;
				GCC_WARN_UNDECLARED_SELECTOR = YES;
				GCC_WARN_UNINITIALIZED_AUTOS = YES_AGGRESSIVE;
				GCC_WARN_UNUSED_FUNCTION = YES;
				GCC_WARN_UNUSED_VARIABLE = YES;
				IPHONEOS_DEPLOYMENT_TARGET = 15.5;
				MTL_ENABLE_DEBUG_INFO = INCLUDE_SOURCE;
				MTL_FAST_MATH = YES;
				ONLY_ACTIVE_ARCH = YES;
				SDKROOT = iphoneos;
				SWIFT_ACTIVE_COMPILATION_CONDITIONS = DEBUG;
				SWIFT_OPTIMIZATION_LEVEL = "-Onone";
			};
			name = Debug;
		};
		CECF8147289FC3B600CE5A07 /* Release */ = {
			isa = XCBuildConfiguration;
			buildSettings = {
				ALWAYS_SEARCH_USER_PATHS = NO;
				CLANG_ANALYZER_NONNULL = YES;
				CLANG_ANALYZER_NUMBER_OBJECT_CONVERSION = YES_AGGRESSIVE;
				CLANG_CXX_LANGUAGE_STANDARD = "gnu++17";
				CLANG_ENABLE_MODULES = YES;
				CLANG_ENABLE_OBJC_ARC = YES;
				CLANG_ENABLE_OBJC_WEAK = YES;
				CLANG_WARN_BLOCK_CAPTURE_AUTORELEASING = YES;
				CLANG_WARN_BOOL_CONVERSION = YES;
				CLANG_WARN_COMMA = YES;
				CLANG_WARN_CONSTANT_CONVERSION = YES;
				CLANG_WARN_DEPRECATED_OBJC_IMPLEMENTATIONS = YES;
				CLANG_WARN_DIRECT_OBJC_ISA_USAGE = YES_ERROR;
				CLANG_WARN_DOCUMENTATION_COMMENTS = YES;
				CLANG_WARN_EMPTY_BODY = YES;
				CLANG_WARN_ENUM_CONVERSION = YES;
				CLANG_WARN_INFINITE_RECURSION = YES;
				CLANG_WARN_INT_CONVERSION = YES;
				CLANG_WARN_NON_LITERAL_NULL_CONVERSION = YES;
				CLANG_WARN_OBJC_IMPLICIT_RETAIN_SELF = YES;
				CLANG_WARN_OBJC_LITERAL_CONVERSION = YES;
				CLANG_WARN_OBJC_ROOT_CLASS = YES_ERROR;
				CLANG_WARN_QUOTED_INCLUDE_IN_FRAMEWORK_HEADER = YES;
				CLANG_WARN_RANGE_LOOP_ANALYSIS = YES;
				CLANG_WARN_STRICT_PROTOTYPES = YES;
				CLANG_WARN_SUSPICIOUS_MOVE = YES;
				CLANG_WARN_UNGUARDED_AVAILABILITY = YES_AGGRESSIVE;
				CLANG_WARN_UNREACHABLE_CODE = YES;
				CLANG_WARN__DUPLICATE_METHOD_MATCH = YES;
				COPY_PHASE_STRIP = NO;
				DEBUG_INFORMATION_FORMAT = "dwarf-with-dsym";
				ENABLE_NS_ASSERTIONS = NO;
				ENABLE_STRICT_OBJC_MSGSEND = YES;
				GCC_C_LANGUAGE_STANDARD = gnu11;
				GCC_NO_COMMON_BLOCKS = YES;
				GCC_WARN_64_TO_32_BIT_CONVERSION = YES;
				GCC_WARN_ABOUT_RETURN_TYPE = YES_ERROR;
				GCC_WARN_UNDECLARED_SELECTOR = YES;
				GCC_WARN_UNINITIALIZED_AUTOS = YES_AGGRESSIVE;
				GCC_WARN_UNUSED_FUNCTION = YES;
				GCC_WARN_UNUSED_VARIABLE = YES;
				IPHONEOS_DEPLOYMENT_TARGET = 15.5;
				MTL_ENABLE_DEBUG_INFO = NO;
				MTL_FAST_MATH = YES;
				SDKROOT = iphoneos;
				SWIFT_COMPILATION_MODE = wholemodule;
				SWIFT_OPTIMIZATION_LEVEL = "-O";
				VALIDATE_PRODUCT = YES;
			};
			name = Release;
		};
		CECF8149289FC3B600CE5A07 /* Debug */ = {
			isa = XCBuildConfiguration;
			buildSettings = {
				ASSETCATALOG_COMPILER_APPICON_NAME = AppIcon;
				ASSETCATALOG_COMPILER_GLOBAL_ACCENT_COLOR_NAME = AccentColor;
				CODE_SIGN_STYLE = Automatic;
				CURRENT_PROJECT_VERSION = 1;
				DEVELOPMENT_TEAM = 4543GKL842;
				GENERATE_INFOPLIST_FILE = YES;
				INFOPLIST_FILE = BreakingBadFan/Info.plist;
				INFOPLIST_KEY_NSMainNibFile = LoginView;
				INFOPLIST_KEY_UIApplicationSupportsIndirectInputEvents = YES;
				INFOPLIST_KEY_UILaunchStoryboardName = LaunchScreen;
				INFOPLIST_KEY_UISupportedInterfaceOrientations_iPad = "UIInterfaceOrientationPortrait UIInterfaceOrientationPortraitUpsideDown UIInterfaceOrientationLandscapeLeft UIInterfaceOrientationLandscapeRight";
				INFOPLIST_KEY_UISupportedInterfaceOrientations_iPhone = "UIInterfaceOrientationPortrait UIInterfaceOrientationLandscapeLeft UIInterfaceOrientationLandscapeRight";
				LD_RUNPATH_SEARCH_PATHS = (
					"$(inherited)",
					"@executable_path/Frameworks",
				);
				MARKETING_VERSION = 1.0;
				PRODUCT_BUNDLE_IDENTIFIER = jme.BreakingBadFan;
				PRODUCT_NAME = "$(TARGET_NAME)";
				SWIFT_EMIT_LOC_STRINGS = YES;
				SWIFT_VERSION = 5.0;
				TARGETED_DEVICE_FAMILY = 1;
			};
			name = Debug;
		};
		CECF814A289FC3B600CE5A07 /* Release */ = {
			isa = XCBuildConfiguration;
			buildSettings = {
				ASSETCATALOG_COMPILER_APPICON_NAME = AppIcon;
				ASSETCATALOG_COMPILER_GLOBAL_ACCENT_COLOR_NAME = AccentColor;
				CODE_SIGN_STYLE = Automatic;
				CURRENT_PROJECT_VERSION = 1;
				DEVELOPMENT_TEAM = 4543GKL842;
				GENERATE_INFOPLIST_FILE = YES;
				INFOPLIST_FILE = BreakingBadFan/Info.plist;
				INFOPLIST_KEY_NSMainNibFile = LoginView;
				INFOPLIST_KEY_UIApplicationSupportsIndirectInputEvents = YES;
				INFOPLIST_KEY_UILaunchStoryboardName = LaunchScreen;
				INFOPLIST_KEY_UISupportedInterfaceOrientations_iPad = "UIInterfaceOrientationPortrait UIInterfaceOrientationPortraitUpsideDown UIInterfaceOrientationLandscapeLeft UIInterfaceOrientationLandscapeRight";
				INFOPLIST_KEY_UISupportedInterfaceOrientations_iPhone = "UIInterfaceOrientationPortrait UIInterfaceOrientationLandscapeLeft UIInterfaceOrientationLandscapeRight";
				LD_RUNPATH_SEARCH_PATHS = (
					"$(inherited)",
					"@executable_path/Frameworks",
				);
				MARKETING_VERSION = 1.0;
				PRODUCT_BUNDLE_IDENTIFIER = jme.BreakingBadFan;
				PRODUCT_NAME = "$(TARGET_NAME)";
				SWIFT_EMIT_LOC_STRINGS = YES;
				SWIFT_VERSION = 5.0;
				TARGETED_DEVICE_FAMILY = 1;
			};
			name = Release;
		};
/* End XCBuildConfiguration section */

/* Begin XCConfigurationList section */
		CECF812F289FC3B300CE5A07 /* Build configuration list for PBXProject "BreakingBadFan" */ = {
			isa = XCConfigurationList;
			buildConfigurations = (
				CECF8146289FC3B600CE5A07 /* Debug */,
				CECF8147289FC3B600CE5A07 /* Release */,
			);
			defaultConfigurationIsVisible = 0;
			defaultConfigurationName = Release;
		};
		CECF8148289FC3B600CE5A07 /* Build configuration list for PBXNativeTarget "BreakingBadFan" */ = {
			isa = XCConfigurationList;
			buildConfigurations = (
				CECF8149289FC3B600CE5A07 /* Debug */,
				CECF814A289FC3B600CE5A07 /* Release */,
			);
			defaultConfigurationIsVisible = 0;
			defaultConfigurationName = Release;
		};
/* End XCConfigurationList section */

/* Begin XCRemoteSwiftPackageReference section */
		CEA579DA28A17B81009E5B1D /* XCRemoteSwiftPackageReference "keychain-swift" */ = {
			isa = XCRemoteSwiftPackageReference;
			repositoryURL = "https://github.com/evgenyneu/keychain-swift.git";
			requirement = {
				branch = master;
				kind = branch;
			};
		};
/* End XCRemoteSwiftPackageReference section */

/* Begin XCSwiftPackageProductDependency section */
		CEA579DB28A17B81009E5B1D /* KeychainSwift */ = {
			isa = XCSwiftPackageProductDependency;
			package = CEA579DA28A17B81009E5B1D /* XCRemoteSwiftPackageReference "keychain-swift" */;
			productName = KeychainSwift;
		};
/* End XCSwiftPackageProductDependency section */
	};
	rootObject = CECF812C289FC3B300CE5A07 /* Project object */;
}
